
Microsoft Visual Studio Solution File, Format Version 12.00
# Visual Studio Version 17
VisualStudioVersion = 17.10.35013.160
MinimumVisualStudioVersion = 10.0.40219.1
Project("{9A19103F-16F7-4668-BE54-9A1E7A4F7556}") = "EPAnalyzer", "EPAnalyzer.csproj", "{C33033FF-EE2A-456E-832E-73CA4D0D3801}"
EndProject
Project("{FAE04EC0-301F-11D3-BF4B-00C04F79EFBC}") = "TestingStatistics", "..\TestingStatistics\TestingStatistics.csproj", "{A769323C-2330-4C5E-BC90-303A0D3EF16F}"
EndProject
Global
	GlobalSection(SolutionConfigurationPlatforms) = preSolution
		Debug|Any CPU = Debug|Any CPU
		Release|Any CPU = Release|Any CPU
	EndGlobalSection
	GlobalSection(ProjectConfigurationPlatforms) = postSolution
		{C33033FF-EE2A-456E-832E-73CA4D0D3801}.Debug|Any CPU.ActiveCfg = Debug|Any CPU
		{C33033FF-EE2A-456E-832E-73CA4D0D3801}.Debug|Any CPU.Build.0 = Debug|Any CPU
		{C33033FF-EE2A-456E-832E-73CA4D0D3801}.Release|Any CPU.ActiveCfg = Release|Any CPU
		{C33033FF-EE2A-456E-832E-73CA4D0D3801}.Release|Any CPU.Build.0 = Release|Any CPU
		{A769323C-2330-4C5E-BC90-303A0D3EF16F}.Debug|Any CPU.ActiveCfg = Debug|Any CPU
		{A769323C-2330-4C5E-BC90-303A0D3EF16F}.Debug|Any CPU.Build.0 = Debug|Any CPU
		{A769323C-2330-4C5E-BC90-303A0D3EF16F}.Release|Any CPU.ActiveCfg = Release|Any CPU
		{A769323C-2330-4C5E-BC90-303A0D3EF16F}.Release|Any CPU.Build.0 = Release|Any CPU
	EndGlobalSection
	GlobalSection(SolutionProperties) = preSolution
		HideSolutionNode = FALSE
	EndGlobalSection
	GlobalSection(ExtensibilityGlobals) = postSolution
		SolutionGuid = {40E15F6A-40FA-48EE-B1A3-887E4215FE0B}
	EndGlobalSection
EndGlobal
