
Microsoft Visual Studio Solution File, Format Version 12.00
# Visual Studio Version 17
VisualStudioVersion = 17.10.35013.160
MinimumVisualStudioVersion = 10.0.40219.1
Project("{9A19103F-16F7-4668-BE54-9A1E7A4F7556}") = "EPAnalyzer", "EPAnalyzer\EPAnalyzer.csproj", "{BF8448FC-A517-4101-8AA8-23EDB1DAA87C}"
EndProject
Project("{9A19103F-16F7-4668-BE54-9A1E7A4F7556}") = "TestingStatistics", "TestingStatistics\TestingStatistics.csproj", "{E558AD99-0AC0-4A4C-82C3-CFEA021118F0}"
EndProject
Global
	GlobalSection(SolutionConfigurationPlatforms) = preSolution
		Debug|Any CPU = Debug|Any CPU
		Release|Any CPU = Release|Any CPU
	EndGlobalSection
	GlobalSection(ProjectConfigurationPlatforms) = postSolution
		{BF8448FC-A517-4101-8AA8-23EDB1DAA87C}.Debug|Any CPU.ActiveCfg = Debug|Any CPU
		{BF8448FC-A517-4101-8AA8-23EDB1DAA87C}.Debug|Any CPU.Build.0 = Debug|Any CPU
		{BF8448FC-A517-4101-8AA8-23EDB1DAA87C}.Release|Any CPU.ActiveCfg = Release|Any CPU
		{BF8448FC-A517-4101-8AA8-23EDB1DAA87C}.Release|Any CPU.Build.0 = Release|Any CPU
		{E558AD99-0AC0-4A4C-82C3-CFEA021118F0}.Debug|Any CPU.ActiveCfg = Debug|Any CPU
		{E558AD99-0AC0-4A4C-82C3-CFEA021118F0}.Debug|Any CPU.Build.0 = Debug|Any CPU
		{E558AD99-0AC0-4A4C-82C3-CFEA021118F0}.Release|Any CPU.ActiveCfg = Release|Any CPU
		{E558AD99-0AC0-4A4C-82C3-CFEA021118F0}.Release|Any CPU.Build.0 = Release|Any CPU
	EndGlobalSection
	GlobalSection(SolutionProperties) = preSolution
		HideSolutionNode = FALSE
	EndGlobalSection
	GlobalSection(ExtensibilityGlobals) = postSolution
		SolutionGuid = {40E15F6A-40FA-48EE-B1A3-887E4215FE0B}
	EndGlobalSection
EndGlobal
